
Microsoft Visual Studio Solution File, Format Version 12.00
# Visual Studio Version 17
VisualStudioVersion = 17.12.35209.166
MinimumVisualStudioVersion = 10.0.40219.1
Project("{FAE04EC0-301F-11D3-BF4B-00C04F79EFBC}") = "EjercicioAgosto28", "EjercicioAgosto28\EjercicioAgosto28.csproj", "{C0212192-441A-4CD6-B20B-043B350E952F}"
EndProject
Global
	GlobalSection(SolutionConfigurationPlatforms) = preSolution
		Debug|Any CPU = Debug|Any CPU
		Release|Any CPU = Release|Any CPU
	EndGlobalSection
	GlobalSection(ProjectConfigurationPlatforms) = postSolution
		{C0212192-441A-4CD6-B20B-043B350E952F}.Debug|Any CPU.ActiveCfg = Debug|Any CPU
		{C0212192-441A-4CD6-B20B-043B350E952F}.Debug|Any CPU.Build.0 = Debug|Any CPU
		{C0212192-441A-4CD6-B20B-043B350E952F}.Release|Any CPU.ActiveCfg = Release|Any CPU
		{C0212192-441A-4CD6-B20B-043B350E952F}.Release|Any CPU.Build.0 = Release|Any CPU
	EndGlobalSection
	GlobalSection(SolutionProperties) = preSolution
		HideSolutionNode = FALSE
	EndGlobalSection
	GlobalSection(ExtensibilityGlobals) = postSolution
		SolutionGuid = {F24AE81D-2FF1-4B1A-B650-664E640449B2}
	EndGlobalSection
EndGlobal
